<?xml version="1.0" encoding="utf-8"?>
<Project ToolsVersion="4.0" xmlns="http://schemas.microsoft.com/developer/msbuild/2003">
  <ItemGroup>
    <ClCompile Include="base_examples.cc" />
    <ClCompile Include="main_runner.cc" />
    <ClCompile Include="thread_impl.cc" />
    <ClCompile Include="frame_window.cc" />
    <ClCompile Include="child_process_host.cc" />
    <ClCompile Include="message_filters.cc" />
    <ClCompile Include="child_process_launcher.cc" />
    <ClCompile Include="child_leon_host.cc" />
    <ClCompile Include="messages_generator.cc" />
    <ClCompile Include="leon_generator.cc" />
    <ClCompile Include="child_main_runner.cc" />
    <ClCompile Include="child_leon.cc" />
    <ClCompile Include="child_process.cc" />
    <ClCompile Include="sandbox_policy.cc" />
    <ClCompile Include="main_process.cc" />
    <ClCompile Include="db_service.cc" />
  </ItemGroup>
  <ItemGroup>
    <ClInclude Include="base_examples.h" />
    <ClInclude Include="main_runner.h" />
    <ClInclude Include="thread_impl.h" />
    <ClInclude Include="thread_helper.h" />
    <ClInclude Include="result_codes.h" />
    <ClInclude Include="frame_window.h" />
    <ClInclude Include="child_process_host.h" />
    <ClInclude Include="message_filters.h" />
    <ClInclude Include="child_process_launcher.h" />
    <ClInclude Include="child_leon_host.h" />
    <ClInclude Include="to_host_messages.h" />
    <ClInclude Include="from_host_messages.h" />
    <ClInclude Include="messages_generator.h" />
    <ClInclude Include="leon_generator.h" />
    <ClInclude Include="child_main_runner.h" />
    <ClInclude Include="child_leon.h" />
    <ClInclude Include="child_process.h" />
    <ClInclude Include="sandbox_policy.h" />
    <ClInclude Include="resource.h" />
    <ClInclude Include="main_process.h" />
    <ClInclude Include="db_service.h" />
  </ItemGroup>
  <ItemGroup>
    <ResourceCompile Include="base_examples.rc" />
  </ItemGroup>
  <ItemGroup>
    <None Include="base_examples.ico" />
    <None Include="small.ico" />
  </ItemGroup>
</Project>